
Microsoft Visual Studio Solution File, Format Version 11.00
# Visual Studio 2010
Project("{FAE04EC0-301F-11D3-BF4B-00C04F79EFBC}") = "Dsl", "Dsl\Dsl.csproj", "{BC8CA0EF-E686-4739-B3C8-F4C9EB3B26F9}"
EndProject
Project("{FAE04EC0-301F-11D3-BF4B-00C04F79EFBC}") = "DslPackage", "DslPackage\DslPackage.csproj", "{A4044B1C-B888-45F5-B037-87136FF1E8DF}"
EndProject
Global
	GlobalSection(SolutionConfigurationPlatforms) = preSolution
		Debug|Any CPU = Debug|Any CPU
		Release|Any CPU = Release|Any CPU
	EndGlobalSection
	GlobalSection(ProjectConfigurationPlatforms) = postSolution
		{BC8CA0EF-E686-4739-B3C8-F4C9EB3B26F9}.Debug|Any CPU.ActiveCfg = Debug|Any CPU
		{BC8CA0EF-E686-4739-B3C8-F4C9EB3B26F9}.Debug|Any CPU.Build.0 = Debug|Any CPU
		{BC8CA0EF-E686-4739-B3C8-F4C9EB3B26F9}.Release|Any CPU.ActiveCfg = Release|Any CPU
		{BC8CA0EF-E686-4739-B3C8-F4C9EB3B26F9}.Release|Any CPU.Build.0 = Release|Any CPU
		{A4044B1C-B888-45F5-B037-87136FF1E8DF}.Debug|Any CPU.ActiveCfg = Debug|Any CPU
		{A4044B1C-B888-45F5-B037-87136FF1E8DF}.Debug|Any CPU.Build.0 = Debug|Any CPU
		{A4044B1C-B888-45F5-B037-87136FF1E8DF}.Release|Any CPU.ActiveCfg = Release|Any CPU
		{A4044B1C-B888-45F5-B037-87136FF1E8DF}.Release|Any CPU.Build.0 = Release|Any CPU
	EndGlobalSection
	GlobalSection(SolutionProperties) = preSolution
		HideSolutionNode = FALSE
	EndGlobalSection
EndGlobal
